// !$*UTF8*$!
{
	archiveVersion = 1;
	classes = {
	};
	objectVersion = 77;
	objects = {

/* Begin PBXBuildFile section */
		FF10000000000000000000F2 /* portbridge_ffi.swift in Sources */ = {isa = PBXBuildFile; fileRef = FF10000000000000000000F1 /* portbridge_ffi.swift */; };
/* End PBXBuildFile section */

/* Begin PBXContainerItemProxy section */
		2DA098F22FB189570091FC7C /* PBXContainerItemProxy */ = {
			isa = PBXContainerItemProxy;
			containerPortal = 2DA098DC2FB189560091FC7C /* Project object */;
			proxyType = 1;
			remoteGlobalIDString = 2DA098E32FB189560091FC7C;
			remoteInfo = PortBridge;
		};
		2DA098FC2FB189570091FC7C /* PBXContainerItemProxy */ = {
			isa = PBXContainerItemProxy;
			containerPortal = 2DA098DC2FB189560091FC7C /* Project object */;
			proxyType = 1;
			remoteGlobalIDString = 2DA098E32FB189560091FC7C;
			remoteInfo = PortBridge;
		};
/* End PBXContainerItemProxy section */

/* Begin PBXFileReference section */
		FF10000000000000000000F1 /* portbridge_ffi.swift */ = {isa = PBXFileReference; lastKnownFileType = sourcecode.swift; name = portbridge_ffi.swift; path = Generated/portbridge_ffi.swift; sourceTree = "<group>"; };
		2DA098E42FB189560091FC7C /* PortBridge.app */ = {isa = PBXFileReference; explicitFileType = wrapper.application; includeInIndex = 0; path = PortBridge.app; sourceTree = BUILT_PRODUCTS_DIR; };
		2DA098F12FB189570091FC7C /* PortBridgeTests.xctest */ = {isa = PBXFileReference; explicitFileType = wrapper.cfbundle; includeInIndex = 0; path = PortBridgeTests.xctest; sourceTree = BUILT_PRODUCTS_DIR; };
		2DA098FB2FB189570091FC7C /* PortBridgeUITests.xctest */ = {isa = PBXFileReference; explicitFileType = wrapper.cfbundle; includeInIndex = 0; path = PortBridgeUITests.xctest; sourceTree = BUILT_PRODUCTS_DIR; };
/* End PBXFileReference section */

/* Begin PBXFileSystemSynchronizedBuildFileExceptionSet section */
		2DA0990E2FB7F0000091FC7C /* Exceptions for "PortBridge" folder in "PortBridge" target */ = {
			isa = PBXFileSystemSynchronizedBuildFileExceptionSet;
			membershipExceptions = (
				Info.plist,
			);
			target = 2DA098E32FB189560091FC7C /* PortBridge */;
		};
/* End PBXFileSystemSynchronizedBuildFileExceptionSet section */

/* Begin PBXFileSystemSynchronizedRootGroup section */
		2DA098E62FB189560091FC7C /* PortBridge */ = {
			isa = PBXFileSystemSynchronizedRootGroup;
			exceptions = (
				2DA0990E2FB7F0000091FC7C /* Exceptions for "PortBridge" folder in "PortBridge" target */,
			);
			path = PortBridge;
			sourceTree = "<group>";
		};
		2DA098F42FB189570091FC7C /* PortBridgeTests */ = {
			isa = PBXFileSystemSynchronizedRootGroup;
			path = PortBridgeTests;
			sourceTree = "<group>";
		};
		2DA098FE2FB189570091FC7C /* PortBridgeUITests */ = {
			isa = PBXFileSystemSynchronizedRootGroup;
			path = PortBridgeUITests;
			sourceTree = "<group>";
		};
/* End PBXFileSystemSynchronizedRootGroup section */

/* Begin PBXFrameworksBuildPhase section */
		2DA098E12FB189560091FC7C /* Frameworks */ = {
			isa = PBXFrameworksBuildPhase;
			buildActionMask = 2147483647;
			files = (
			);
			runOnlyForDeploymentPostprocessing = 0;
		};
		2DA098EE2FB189570091FC7C /* Frameworks */ = {
			isa = PBXFrameworksBuildPhase;
			buildActionMask = 2147483647;
			files = (
			);
			runOnlyForDeploymentPostprocessing = 0;
		};
		2DA098F82FB189570091FC7C /* Frameworks */ = {
			isa = PBXFrameworksBuildPhase;
			buildActionMask = 2147483647;
			files = (
			);
			runOnlyForDeploymentPostprocessing = 0;
		};
/* End PBXFrameworksBuildPhase section */

/* Begin PBXGroup section */
		2DA098DB2FB189560091FC7C = {
			isa = PBXGroup;
			children = (
				2DA098E62FB189560091FC7C /* PortBridge */,
				FF10000000000000000000F4 /* Generated */,
				2DA098F42FB189570091FC7C /* PortBridgeTests */,
				2DA098FE2FB189570091FC7C /* PortBridgeUITests */,
				2DA098E52FB189560091FC7C /* Products */,
			);
			sourceTree = "<group>";
		};
		FF10000000000000000000F4 /* Generated */ = {
			isa = PBXGroup;
			children = (
				FF10000000000000000000F1 /* portbridge_ffi.swift */,
			);
			name = Generated;
			sourceTree = "<group>";
		};
		2DA098E52FB189560091FC7C /* Products */ = {
			isa = PBXGroup;
			children = (
				2DA098E42FB189560091FC7C /* PortBridge.app */,
				2DA098F12FB189570091FC7C /* PortBridgeTests.xctest */,
				2DA098FB2FB189570091FC7C /* PortBridgeUITests.xctest */,
			);
			name = Products;
			sourceTree = "<group>";
		};
/* End PBXGroup section */

/* Begin PBXNativeTarget section */
		2DA098E32FB189560091FC7C /* PortBridge */ = {
			isa = PBXNativeTarget;
			buildConfigurationList = 2DA099052FB189570091FC7C /* Build configuration list for PBXNativeTarget "PortBridge" */;
			buildPhases = (
				FF10000000000000000000F3 /* Generate FFI Bindings */,
				2DA098E02FB189560091FC7C /* Sources */,
				2DA098E12FB189560091FC7C /* Frameworks */,
				2DA098E22FB189560091FC7C /* Resources */,
				2DA0AAAA2FB189570091FC7C /* Inject Version from Git */,
			);
			buildRules = (
			);
			dependencies = (
			);
			fileSystemSynchronizedGroups = (
				2DA098E62FB189560091FC7C /* PortBridge */,
			);
			name = PortBridge;
			packageProductDependencies = (
			);
			productName = PortBridge;
			productReference = 2DA098E42FB189560091FC7C /* PortBridge.app */;
			productType = "com.apple.product-type.application";
		};
		2DA098F02FB189570091FC7C /* PortBridgeTests */ = {
			isa = PBXNativeTarget;
			buildConfigurationList = 2DA099082FB189570091FC7C /* Build configuration list for PBXNativeTarget "PortBridgeTests" */;
			buildPhases = (
				2DA098ED2FB189570091FC7C /* Sources */,
				2DA098EE2FB189570091FC7C /* Frameworks */,
				2DA098EF2FB189570091FC7C /* Resources */,
			);
			buildRules = (
			);
			dependencies = (
				2DA098F32FB189570091FC7C /* PBXTargetDependency */,
			);
			fileSystemSynchronizedGroups = (
				2DA098F42FB189570091FC7C /* PortBridgeTests */,
			);
			name = PortBridgeTests;
			packageProductDependencies = (
			);
			productName = PortBridgeTests;
			productReference = 2DA098F12FB189570091FC7C /* PortBridgeTests.xctest */;
			productType = "com.apple.product-type.bundle.unit-test";
		};
		2DA098FA2FB189570091FC7C /* PortBridgeUITests */ = {
			isa = PBXNativeTarget;
			buildConfigurationList = 2DA0990B2FB189570091FC7C /* Build configuration list for PBXNativeTarget "PortBridgeUITests" */;
			buildPhases = (
				2DA098F72FB189570091FC7C /* Sources */,
				2DA098F82FB189570091FC7C /* Frameworks */,
				2DA098F92FB189570091FC7C /* Resources */,
			);
			buildRules = (
			);
			dependencies = (
				2DA098FD2FB189570091FC7C /* PBXTargetDependency */,
			);
			fileSystemSynchronizedGroups = (
				2DA098FE2FB189570091FC7C /* PortBridgeUITests */,
			);
			name = PortBridgeUITests;
			packageProductDependencies = (
			);
			productName = PortBridgeUITests;
			productReference = 2DA098FB2FB189570091FC7C /* PortBridgeUITests.xctest */;
			productType = "com.apple.product-type.bundle.ui-testing";
		};
/* End PBXNativeTarget section */

/* Begin PBXProject section */
		2DA098DC2FB189560091FC7C /* Project object */ = {
			isa = PBXProject;
			attributes = {
				BuildIndependentTargetsInParallel = 1;
				LastSwiftUpdateCheck = 2640;
				LastUpgradeCheck = 2650;
				TargetAttributes = {
					2DA098E32FB189560091FC7C = {
						CreatedOnToolsVersion = 26.4.1;
					};
					2DA098F02FB189570091FC7C = {
						CreatedOnToolsVersion = 26.4.1;
						TestTargetID = 2DA098E32FB189560091FC7C;
					};
					2DA098FA2FB189570091FC7C = {
						CreatedOnToolsVersion = 26.4.1;
						TestTargetID = 2DA098E32FB189560091FC7C;
					};
				};
			};
			buildConfigurationList = 2DA098DF2FB189560091FC7C /* Build configuration list for PBXProject "PortBridge" */;
			developmentRegion = en;
			hasScannedForEncodings = 0;
			knownRegions = (
				en,
				Base,
			);
			mainGroup = 2DA098DB2FB189560091FC7C;
			minimizedProjectReferenceProxies = 1;
			preferredProjectObjectVersion = 77;
			productRefGroup = 2DA098E52FB189560091FC7C /* Products */;
			projectDirPath = "";
			projectRoot = "";
			targets = (
				2DA098E32FB189560091FC7C /* PortBridge */,
				2DA098F02FB189570091FC7C /* PortBridgeTests */,
				2DA098FA2FB189570091FC7C /* PortBridgeUITests */,
			);
		};
/* End PBXProject section */

/* Begin PBXResourcesBuildPhase section */
		2DA098E22FB189560091FC7C /* Resources */ = {
			isa = PBXResourcesBuildPhase;
			buildActionMask = 2147483647;
			files = (
			);
			runOnlyForDeploymentPostprocessing = 0;
		};
		2DA098EF2FB189570091FC7C /* Resources */ = {
			isa = PBXResourcesBuildPhase;
			buildActionMask = 2147483647;
			files = (
			);
			runOnlyForDeploymentPostprocessing = 0;
		};
		2DA098F92FB189570091FC7C /* Resources */ = {
			isa = PBXResourcesBuildPhase;
			buildActionMask = 2147483647;
			files = (
			);
			runOnlyForDeploymentPostprocessing = 0;
		};
/* End PBXResourcesBuildPhase section */

/* Begin PBXShellScriptBuildPhase section */
		FF10000000000000000000F3 /* Generate FFI Bindings */ = {
			isa = PBXShellScriptBuildPhase;
			alwaysOutOfDate = 1;
			buildActionMask = 2147483647;
			files = (
			);
			inputFileListPaths = (
			);
			inputPaths = (
			);
			name = "Generate FFI Bindings";
			outputFileListPaths = (
			);
			outputPaths = (
				"$(SRCROOT)/Generated/portbridge_ffi.swift",
				"$(SRCROOT)/Generated/ffimod/portbridge_ffiFFI.h",
				"$(SRCROOT)/Generated/ffimod/module.modulemap",
			);
			runOnlyForDeploymentPostprocessing = 0;
			shellPath = /bin/sh;
			shellScript = "\"$SRCROOT/Scripts/build-ffi.sh\"\n";
		};
		2DA0AAAA2FB189570091FC7C /* Inject Version from Git */ = {
			isa = PBXShellScriptBuildPhase;
			alwaysOutOfDate = 1;
			buildActionMask = 2147483647;
			files = (
			);
			inputFileListPaths = (
			);
			inputPaths = (
			);
			name = "Inject Version from Git";
			outputFileListPaths = (
			);
			outputPaths = (
			);
			runOnlyForDeploymentPostprocessing = 0;
			shellPath = /bin/sh;
			shellScript = "\"$SRCROOT/Scripts/inject-version.sh\"\n";
		};
/* End PBXShellScriptBuildPhase section */

/* Begin PBXSourcesBuildPhase section */
		2DA098E02FB189560091FC7C /* Sources */ = {
			isa = PBXSourcesBuildPhase;
			buildActionMask = 2147483647;
			files = (
				FF10000000000000000000F2 /* portbridge_ffi.swift in Sources */,
			);
			runOnlyForDeploymentPostprocessing = 0;
		};
		2DA098ED2FB189570091FC7C /* Sources */ = {
			isa = PBXSourcesBuildPhase;
			buildActionMask = 2147483647;
			files = (
			);
			runOnlyForDeploymentPostprocessing = 0;
		};
		2DA098F72FB189570091FC7C /* Sources */ = {
			isa = PBXSourcesBuildPhase;
			buildActionMask = 2147483647;
			files = (
			);
			runOnlyForDeploymentPostprocessing = 0;
		};
/* End PBXSourcesBuildPhase section */

/* Begin PBXTargetDependency section */
		2DA098F32FB189570091FC7C /* PBXTargetDependency */ = {
			isa = PBXTargetDependency;
			target = 2DA098E32FB189560091FC7C /* PortBridge */;
			targetProxy = 2DA098F22FB189570091FC7C /* PBXContainerItemProxy */;
		};
		2DA098FD2FB189570091FC7C /* PBXTargetDependency */ = {
			isa = PBXTargetDependency;
			target = 2DA098E32FB189560091FC7C /* PortBridge */;
			targetProxy = 2DA098FC2FB189570091FC7C /* PBXContainerItemProxy */;
		};
/* End PBXTargetDependency section */

/* Begin XCBuildConfiguration section */
		2DA099032FB189570091FC7C /* Debug */ = {
			isa = XCBuildConfiguration;
			buildSettings = {
				ALWAYS_SEARCH_USER_PATHS = NO;
				ASSETCATALOG_COMPILER_GENERATE_SWIFT_ASSET_SYMBOL_EXTENSIONS = YES;
				CLANG_ANALYZER_NONNULL = YES;
				CLANG_ANALYZER_NUMBER_OBJECT_CONVERSION = YES_AGGRESSIVE;
				CLANG_CXX_LANGUAGE_STANDARD = "gnu++20";
				CLANG_ENABLE_MODULES = YES;
				CLANG_ENABLE_OBJC_ARC = YES;
				CLANG_ENABLE_OBJC_WEAK = YES;
				CLANG_WARN_BLOCK_CAPTURE_AUTORELEASING = YES;
				CLANG_WARN_BOOL_CONVERSION = YES;
				CLANG_WARN_COMMA = YES;
				CLANG_WARN_CONSTANT_CONVERSION = YES;
				CLANG_WARN_DEPRECATED_OBJC_IMPLEMENTATIONS = YES;
				CLANG_WARN_DIRECT_OBJC_ISA_USAGE = YES_ERROR;
				CLANG_WARN_DOCUMENTATION_COMMENTS = YES;
				CLANG_WARN_EMPTY_BODY = YES;
				CLANG_WARN_ENUM_CONVERSION = YES;
				CLANG_WARN_INFINITE_RECURSION = YES;
				CLANG_WARN_INT_CONVERSION = YES;
				CLANG_WARN_NON_LITERAL_NULL_CONVERSION = YES;
				CLANG_WARN_OBJC_IMPLICIT_RETAIN_SELF = YES;
				CLANG_WARN_OBJC_LITERAL_CONVERSION = YES;
				CLANG_WARN_OBJC_ROOT_CLASS = YES_ERROR;
				CLANG_WARN_QUOTED_INCLUDE_IN_FRAMEWORK_HEADER = YES;
				CLANG_WARN_RANGE_LOOP_ANALYSIS = YES;
				CLANG_WARN_STRICT_PROTOTYPES = YES;
				CLANG_WARN_SUSPICIOUS_MOVE = YES;
				CLANG_WARN_UNGUARDED_AVAILABILITY = YES_AGGRESSIVE;
				CLANG_WARN_UNREACHABLE_CODE = YES;
				CLANG_WARN__DUPLICATE_METHOD_MATCH = YES;
				COPY_PHASE_STRIP = NO;
				DEAD_CODE_STRIPPING = YES;
				DEBUG_INFORMATION_FORMAT = dwarf;
				DEVELOPMENT_TEAM = 96DD7R4RKL;
				ENABLE_STRICT_OBJC_MSGSEND = YES;
				ENABLE_TESTABILITY = YES;
				ENABLE_USER_SCRIPT_SANDBOXING = YES;
				GCC_C_LANGUAGE_STANDARD = gnu17;
				GCC_DYNAMIC_NO_PIC = NO;
				GCC_NO_COMMON_BLOCKS = YES;
				GCC_OPTIMIZATION_LEVEL = 0;
				GCC_PREPROCESSOR_DEFINITIONS = (
					"DEBUG=1",
					"$(inherited)",
				);
				GCC_WARN_64_TO_32_BIT_CONVERSION = YES;
				GCC_WARN_ABOUT_RETURN_TYPE = YES_ERROR;
				GCC_WARN_UNDECLARED_SELECTOR = YES;
				GCC_WARN_UNINITIALIZED_AUTOS = YES_AGGRESSIVE;
				GCC_WARN_UNUSED_FUNCTION = YES;
				GCC_WARN_UNUSED_VARIABLE = YES;
				LOCALIZATION_PREFERS_STRING_CATALOGS = YES;
				MACOSX_DEPLOYMENT_TARGET = 14.0;
				MTL_ENABLE_DEBUG_INFO = INCLUDE_SOURCE;
				MTL_FAST_MATH = YES;
				ONLY_ACTIVE_ARCH = YES;
				SDKROOT = macosx;
				STRING_CATALOG_GENERATE_SYMBOLS = YES;
				SWIFT_ACTIVE_COMPILATION_CONDITIONS = "DEBUG $(inherited)";
				SWIFT_OPTIMIZATION_LEVEL = "-Onone";
			};
			name = Debug;
		};
		2DA099042FB189570091FC7C /* Release */ = {
			isa = XCBuildConfiguration;
			buildSettings = {
				ALWAYS_SEARCH_USER_PATHS = NO;
				ASSETCATALOG_COMPILER_GENERATE_SWIFT_ASSET_SYMBOL_EXTENSIONS = YES;
				CLANG_ANALYZER_NONNULL = YES;
				CLANG_ANALYZER_NUMBER_OBJECT_CONVERSION = YES_AGGRESSIVE;
				CLANG_CXX_LANGUAGE_STANDARD = "gnu++20";
				CLANG_ENABLE_MODULES = YES;
				CLANG_ENABLE_OBJC_ARC = YES;
				CLANG_ENABLE_OBJC_WEAK = YES;
				CLANG_WARN_BLOCK_CAPTURE_AUTORELEASING = YES;
				CLANG_WARN_BOOL_CONVERSION = YES;
				CLANG_WARN_COMMA = YES;
				CLANG_WARN_CONSTANT_CONVERSION = YES;
				CLANG_WARN_DEPRECATED_OBJC_IMPLEMENTATIONS = YES;
				CLANG_WARN_DIRECT_OBJC_ISA_USAGE = YES_ERROR;
				CLANG_WARN_DOCUMENTATION_COMMENTS = YES;
				CLANG_WARN_EMPTY_BODY = YES;
				CLANG_WARN_ENUM_CONVERSION = YES;
				CLANG_WARN_INFINITE_RECURSION = YES;
				CLANG_WARN_INT_CONVERSION = YES;
				CLANG_WARN_NON_LITERAL_NULL_CONVERSION = YES;
				CLANG_WARN_OBJC_IMPLICIT_RETAIN_SELF = YES;
				CLANG_WARN_OBJC_LITERAL_CONVERSION = YES;
				CLANG_WARN_OBJC_ROOT_CLASS = YES_ERROR;
				CLANG_WARN_QUOTED_INCLUDE_IN_FRAMEWORK_HEADER = YES;
				CLANG_WARN_RANGE_LOOP_ANALYSIS = YES;
				CLANG_WARN_STRICT_PROTOTYPES = YES;
				CLANG_WARN_SUSPICIOUS_MOVE = YES;
				CLANG_WARN_UNGUARDED_AVAILABILITY = YES_AGGRESSIVE;
				CLANG_WARN_UNREACHABLE_CODE = YES;
				CLANG_WARN__DUPLICATE_METHOD_MATCH = YES;
				COPY_PHASE_STRIP = NO;
				DEAD_CODE_STRIPPING = YES;
				DEBUG_INFORMATION_FORMAT = "dwarf-with-dsym";
				DEVELOPMENT_TEAM = 96DD7R4RKL;
				ENABLE_NS_ASSERTIONS = NO;
				ENABLE_STRICT_OBJC_MSGSEND = YES;
				ENABLE_USER_SCRIPT_SANDBOXING = YES;
				GCC_C_LANGUAGE_STANDARD = gnu17;
				GCC_NO_COMMON_BLOCKS = YES;
				GCC_WARN_64_TO_32_BIT_CONVERSION = YES;
				GCC_WARN_ABOUT_RETURN_TYPE = YES_ERROR;
				GCC_WARN_UNDECLARED_SELECTOR = YES;
				GCC_WARN_UNINITIALIZED_AUTOS = YES_AGGRESSIVE;
				GCC_WARN_UNUSED_FUNCTION = YES;
				GCC_WARN_UNUSED_VARIABLE = YES;
				LOCALIZATION_PREFERS_STRING_CATALOGS = YES;
				MACOSX_DEPLOYMENT_TARGET = 14.0;
				MTL_ENABLE_DEBUG_INFO = NO;
				MTL_FAST_MATH = YES;
				SDKROOT = macosx;
				STRING_CATALOG_GENERATE_SYMBOLS = YES;
				SWIFT_COMPILATION_MODE = wholemodule;
				SWIFT_OPTIMIZATION_LEVEL = "-Onone";
			};
			name = Release;
		};
		2DA099062FB189570091FC7C /* Debug */ = {
			isa = XCBuildConfiguration;
			buildSettings = {
				ASSETCATALOG_COMPILER_APPICON_NAME = AppIcon;
				ASSETCATALOG_COMPILER_GLOBAL_ACCENT_COLOR_NAME = AccentColor;
				CODE_SIGN_STYLE = Automatic;
				COMBINE_HIDPI_IMAGES = YES;
				CURRENT_PROJECT_VERSION = 1;
				DEAD_CODE_STRIPPING = YES;
				DEVELOPMENT_TEAM = 96DD7R4RKL;
				ENABLE_APP_SANDBOX = NO;
				ENABLE_HARDENED_RUNTIME = YES;
				ENABLE_PREVIEWS = YES;
				ENABLE_USER_SCRIPT_SANDBOXING = NO;
				ENABLE_USER_SELECTED_FILES = readonly;
				GENERATE_INFOPLIST_FILE = NO;
				INFOPLIST_FILE = PortBridge/Info.plist;
				LD_RUNPATH_SEARCH_PATHS = (
					"$(inherited)",
					"@executable_path/../Frameworks",
				);
				MARKETING_VERSION = 1.0;
				OTHER_LDFLAGS = (
					"$(inherited)",
					"$(SRCROOT)/../../target/debug/libportbridge_ffi.a",
				);
				PRODUCT_BUNDLE_IDENTIFIER = youngho.jeon.PortBridge;
				PRODUCT_NAME = "$(TARGET_NAME)";
				REGISTER_APP_GROUPS = YES;
				STRING_CATALOG_GENERATE_SYMBOLS = YES;
				SWIFT_APPROACHABLE_CONCURRENCY = YES;
				SWIFT_DEFAULT_ACTOR_ISOLATION = MainActor;
				SWIFT_EMIT_LOC_STRINGS = YES;
				SWIFT_INCLUDE_PATHS = "$(SRCROOT)/Generated/ffimod";
				SWIFT_UPCOMING_FEATURE_MEMBER_IMPORT_VISIBILITY = YES;
				SWIFT_VERSION = 5.0;
			};
			name = Debug;
		};
		2DA099072FB189570091FC7C /* Release */ = {
			isa = XCBuildConfiguration;
			buildSettings = {
				ASSETCATALOG_COMPILER_APPICON_NAME = AppIcon;
				ASSETCATALOG_COMPILER_GLOBAL_ACCENT_COLOR_NAME = AccentColor;
				CODE_SIGN_STYLE = Automatic;
				COMBINE_HIDPI_IMAGES = YES;
				CURRENT_PROJECT_VERSION = 1;
				DEAD_CODE_STRIPPING = YES;
				DEVELOPMENT_TEAM = 96DD7R4RKL;
				ENABLE_APP_SANDBOX = NO;
				ENABLE_HARDENED_RUNTIME = YES;
				ENABLE_PREVIEWS = YES;
				ENABLE_USER_SCRIPT_SANDBOXING = NO;
				ENABLE_USER_SELECTED_FILES = readonly;
				GENERATE_INFOPLIST_FILE = NO;
				INFOPLIST_FILE = PortBridge/Info.plist;
				LD_RUNPATH_SEARCH_PATHS = (
					"$(inherited)",
					"@executable_path/../Frameworks",
				);
				MARKETING_VERSION = 1.0;
				OTHER_LDFLAGS = (
					"$(inherited)",
					"$(SRCROOT)/../../target/release/libportbridge_ffi.a",
				);
				PRODUCT_BUNDLE_IDENTIFIER = youngho.jeon.PortBridge;
				PRODUCT_NAME = "$(TARGET_NAME)";
				REGISTER_APP_GROUPS = YES;
				STRING_CATALOG_GENERATE_SYMBOLS = YES;
				SWIFT_APPROACHABLE_CONCURRENCY = YES;
				SWIFT_DEFAULT_ACTOR_ISOLATION = MainActor;
				SWIFT_EMIT_LOC_STRINGS = YES;
				SWIFT_INCLUDE_PATHS = "$(SRCROOT)/Generated/ffimod";
				SWIFT_UPCOMING_FEATURE_MEMBER_IMPORT_VISIBILITY = YES;
				SWIFT_VERSION = 5.0;
			};
			name = Release;
		};
		2DA099092FB189570091FC7C /* Debug */ = {
			isa = XCBuildConfiguration;
			buildSettings = {
				BUNDLE_LOADER = "$(TEST_HOST)";
				CODE_SIGN_STYLE = Automatic;
				CURRENT_PROJECT_VERSION = 1;
				DEAD_CODE_STRIPPING = YES;
				DEVELOPMENT_TEAM = 96DD7R4RKL;
				GENERATE_INFOPLIST_FILE = YES;
				MACOSX_DEPLOYMENT_TARGET = 14.0;
				MARKETING_VERSION = 1.0;
				PRODUCT_BUNDLE_IDENTIFIER = youngho.jeon.PortBridgeTests;
				PRODUCT_NAME = "$(TARGET_NAME)";
				STRING_CATALOG_GENERATE_SYMBOLS = NO;
				SWIFT_APPROACHABLE_CONCURRENCY = YES;
				SWIFT_EMIT_LOC_STRINGS = NO;
				SWIFT_INCLUDE_PATHS = "$(SRCROOT)/Generated/ffimod";
				SWIFT_UPCOMING_FEATURE_MEMBER_IMPORT_VISIBILITY = YES;
				SWIFT_VERSION = 5.0;
				TEST_HOST = "$(BUILT_PRODUCTS_DIR)/PortBridge.app/$(BUNDLE_EXECUTABLE_FOLDER_PATH)/PortBridge";
			};
			name = Debug;
		};
		2DA0990A2FB189570091FC7C /* Release */ = {
			isa = XCBuildConfiguration;
			buildSettings = {
				BUNDLE_LOADER = "$(TEST_HOST)";
				CODE_SIGN_STYLE = Automatic;
				CURRENT_PROJECT_VERSION = 1;
				DEAD_CODE_STRIPPING = YES;
				DEVELOPMENT_TEAM = 96DD7R4RKL;
				GENERATE_INFOPLIST_FILE = YES;
				MACOSX_DEPLOYMENT_TARGET = 14.0;
				MARKETING_VERSION = 1.0;
				PRODUCT_BUNDLE_IDENTIFIER = youngho.jeon.PortBridgeTests;
				PRODUCT_NAME = "$(TARGET_NAME)";
				STRING_CATALOG_GENERATE_SYMBOLS = NO;
				SWIFT_APPROACHABLE_CONCURRENCY = YES;
				SWIFT_EMIT_LOC_STRINGS = NO;
				SWIFT_INCLUDE_PATHS = "$(SRCROOT)/Generated/ffimod";
				SWIFT_UPCOMING_FEATURE_MEMBER_IMPORT_VISIBILITY = YES;
				SWIFT_VERSION = 5.0;
				TEST_HOST = "$(BUILT_PRODUCTS_DIR)/PortBridge.app/$(BUNDLE_EXECUTABLE_FOLDER_PATH)/PortBridge";
			};
			name = Release;
		};
		2DA0990C2FB189570091FC7C /* Debug */ = {
			isa = XCBuildConfiguration;
			buildSettings = {
				CODE_SIGN_STYLE = Automatic;
				CURRENT_PROJECT_VERSION = 1;
				DEAD_CODE_STRIPPING = YES;
				DEVELOPMENT_TEAM = 96DD7R4RKL;
				GENERATE_INFOPLIST_FILE = YES;
				MARKETING_VERSION = 1.0;
				PRODUCT_BUNDLE_IDENTIFIER = youngho.jeon.PortBridgeUITests;
				PRODUCT_NAME = "$(TARGET_NAME)";
				STRING_CATALOG_GENERATE_SYMBOLS = NO;
				SWIFT_APPROACHABLE_CONCURRENCY = YES;
				SWIFT_EMIT_LOC_STRINGS = NO;
				SWIFT_UPCOMING_FEATURE_MEMBER_IMPORT_VISIBILITY = YES;
				SWIFT_VERSION = 5.0;
				TEST_TARGET_NAME = PortBridge;
			};
			name = Debug;
		};
		2DA0990D2FB189570091FC7C /* Release */ = {
			isa = XCBuildConfiguration;
			buildSettings = {
				CODE_SIGN_STYLE = Automatic;
				CURRENT_PROJECT_VERSION = 1;
				DEAD_CODE_STRIPPING = YES;
				DEVELOPMENT_TEAM = 96DD7R4RKL;
				GENERATE_INFOPLIST_FILE = YES;
				MARKETING_VERSION = 1.0;
				PRODUCT_BUNDLE_IDENTIFIER = youngho.jeon.PortBridgeUITests;
				PRODUCT_NAME = "$(TARGET_NAME)";
				STRING_CATALOG_GENERATE_SYMBOLS = NO;
				SWIFT_APPROACHABLE_CONCURRENCY = YES;
				SWIFT_EMIT_LOC_STRINGS = NO;
				SWIFT_UPCOMING_FEATURE_MEMBER_IMPORT_VISIBILITY = YES;
				SWIFT_VERSION = 5.0;
				TEST_TARGET_NAME = PortBridge;
			};
			name = Release;
		};
/* End XCBuildConfiguration section */

/* Begin XCConfigurationList section */
		2DA098DF2FB189560091FC7C /* Build configuration list for PBXProject "PortBridge" */ = {
			isa = XCConfigurationList;
			buildConfigurations = (
				2DA099032FB189570091FC7C /* Debug */,
				2DA099042FB189570091FC7C /* Release */,
			);
			defaultConfigurationIsVisible = 0;
			defaultConfigurationName = Release;
		};
		2DA099052FB189570091FC7C /* Build configuration list for PBXNativeTarget "PortBridge" */ = {
			isa = XCConfigurationList;
			buildConfigurations = (
				2DA099062FB189570091FC7C /* Debug */,
				2DA099072FB189570091FC7C /* Release */,
			);
			defaultConfigurationIsVisible = 0;
			defaultConfigurationName = Release;
		};
		2DA099082FB189570091FC7C /* Build configuration list for PBXNativeTarget "PortBridgeTests" */ = {
			isa = XCConfigurationList;
			buildConfigurations = (
				2DA099092FB189570091FC7C /* Debug */,
				2DA0990A2FB189570091FC7C /* Release */,
			);
			defaultConfigurationIsVisible = 0;
			defaultConfigurationName = Release;
		};
		2DA0990B2FB189570091FC7C /* Build configuration list for PBXNativeTarget "PortBridgeUITests" */ = {
			isa = XCConfigurationList;
			buildConfigurations = (
				2DA0990C2FB189570091FC7C /* Debug */,
				2DA0990D2FB189570091FC7C /* Release */,
			);
			defaultConfigurationIsVisible = 0;
			defaultConfigurationName = Release;
		};
/* End XCConfigurationList section */
	};
	rootObject = 2DA098DC2FB189560091FC7C /* Project object */;
}
